
Microsoft Visual Studio Solution File, Format Version 12.00
# Visual Studio Version 16
VisualStudioVersion = 16.0.29519.87
MinimumVisualStudioVersion = 10.0.40219.1
Project("{FAE04EC0-301F-11D3-BF4B-00C04F79EFBC}") = "SpecflowUIAutomation", "SpecflowUIAutomation.csproj", "{7DB72271-4DC0-468D-A0E1-8135B17B58B5}"
EndProject
Global
	GlobalSection(SolutionConfigurationPlatforms) = preSolution
		Debug|Any CPU = Debug|Any CPU
		Release|Any CPU = Release|Any CPU
	EndGlobalSection
	GlobalSection(ProjectConfigurationPlatforms) = postSolution
		{7DB72271-4DC0-468D-A0E1-8135B17B58B5}.Debug|Any CPU.ActiveCfg = Debug|Any CPU
		{7DB72271-4DC0-468D-A0E1-8135B17B58B5}.Debug|Any CPU.Build.0 = Debug|Any CPU
		{7DB72271-4DC0-468D-A0E1-8135B17B58B5}.Release|Any CPU.ActiveCfg = Release|Any CPU
		{7DB72271-4DC0-468D-A0E1-8135B17B58B5}.Release|Any CPU.Build.0 = Release|Any CPU
	EndGlobalSection
	GlobalSection(SolutionProperties) = preSolution
		HideSolutionNode = FALSE
	EndGlobalSection
	GlobalSection(ExtensibilityGlobals) = postSolution
		SolutionGuid = {BF142E4D-E905-4BA8-AC8C-42380EE6DC43}
	EndGlobalSection
EndGlobal
